
Microsoft Visual Studio Solution File, Format Version 12.00
# Visual Studio Version 16
VisualStudioVersion = 16.0.31313.79
MinimumVisualStudioVersion = 10.0.40219.1
Project("{9A19103F-16F7-4668-BE54-9A1E7A4F7556}") = "TimDemoApp.Web", "TimDemoApp.Web\TimDemoApp.Web.csproj", "{A0D433F1-D1D1-4B8E-BB0C-68619617FED1}"
EndProject
Project("{9A19103F-16F7-4668-BE54-9A1E7A4F7556}") = "TimDemoApp.Core", "TimDemoApp.Core\TimDemoApp.Core.csproj", "{08779E1D-153F-4AA0-8AD4-31844BD346C5}"
EndProject
Project("{FAE04EC0-301F-11D3-BF4B-00C04F79EFBC}") = "TimDemoApp.Infrastructure", "TimDemoApp.Infrastructure\TimDemoApp.Infrastructure.csproj", "{BB324A0F-99DE-4DC6-98C0-6541AEA8C0B0}"
EndProject
Global
	GlobalSection(SolutionConfigurationPlatforms) = preSolution
		Debug|Any CPU = Debug|Any CPU
		Release|Any CPU = Release|Any CPU
	EndGlobalSection
	GlobalSection(ProjectConfigurationPlatforms) = postSolution
		{A0D433F1-D1D1-4B8E-BB0C-68619617FED1}.Debug|Any CPU.ActiveCfg = Debug|Any CPU
		{A0D433F1-D1D1-4B8E-BB0C-68619617FED1}.Debug|Any CPU.Build.0 = Debug|Any CPU
		{A0D433F1-D1D1-4B8E-BB0C-68619617FED1}.Release|Any CPU.ActiveCfg = Release|Any CPU
		{A0D433F1-D1D1-4B8E-BB0C-68619617FED1}.Release|Any CPU.Build.0 = Release|Any CPU
		{08779E1D-153F-4AA0-8AD4-31844BD346C5}.Debug|Any CPU.ActiveCfg = Debug|Any CPU
		{08779E1D-153F-4AA0-8AD4-31844BD346C5}.Debug|Any CPU.Build.0 = Debug|Any CPU
		{08779E1D-153F-4AA0-8AD4-31844BD346C5}.Release|Any CPU.ActiveCfg = Release|Any CPU
		{08779E1D-153F-4AA0-8AD4-31844BD346C5}.Release|Any CPU.Build.0 = Release|Any CPU
		{BB324A0F-99DE-4DC6-98C0-6541AEA8C0B0}.Debug|Any CPU.ActiveCfg = Debug|Any CPU
		{BB324A0F-99DE-4DC6-98C0-6541AEA8C0B0}.Debug|Any CPU.Build.0 = Debug|Any CPU
		{BB324A0F-99DE-4DC6-98C0-6541AEA8C0B0}.Release|Any CPU.ActiveCfg = Release|Any CPU
		{BB324A0F-99DE-4DC6-98C0-6541AEA8C0B0}.Release|Any CPU.Build.0 = Release|Any CPU
	EndGlobalSection
	GlobalSection(SolutionProperties) = preSolution
		HideSolutionNode = FALSE
	EndGlobalSection
	GlobalSection(ExtensibilityGlobals) = postSolution
		SolutionGuid = {E633FA08-A5CE-4D9D-8EF6-D785AAF49EB4}
	EndGlobalSection
EndGlobal
